// !$*UTF8*$!
{
	archiveVersion = 1;
	classes = {
	};
	objectVersion = 48;
	objects = {

/* Begin PBXBuildFile section */
		144FD9D81FEC9E5100B71967 /* UBaseViewController.swift in Sources */ = {isa = PBXBuildFile; fileRef = 144FD9D71FEC9E5100B71967 /* UBaseViewController.swift */; };
		144FD9DA1FECA26A00B71967 /* UNavigationController.swift in Sources */ = {isa = PBXBuildFile; fileRef = 144FD9D91FECA26A00B71967 /* UNavigationController.swift */; };
		144FD9DC1FECAFAB00B71967 /* UIColorExtensions.swift in Sources */ = {isa = PBXBuildFile; fileRef = 144FD9DB1FECAFAB00B71967 /* UIColorExtensions.swift */; };
		144FD9DE1FECDA4E00B71967 /* UTabBarController.swift in Sources */ = {isa = PBXBuildFile; fileRef = 144FD9DD1FECDA4E00B71967 /* UTabBarController.swift */; };
		144FD9E01FECDBCC00B71967 /* UPageViewController.swift in Sources */ = {isa = PBXBuildFile; fileRef = 144FD9DF1FECDBCC00B71967 /* UPageViewController.swift */; };
		144FD9E51FECDDA200B71967 /* UHomeViewController.swift in Sources */ = {isa = PBXBuildFile; fileRef = 144FD9E41FECDDA200B71967 /* UHomeViewController.swift */; };
		144FD9ED1FECEA0000B71967 /* UCateListViewController.swift in Sources */ = {isa = PBXBuildFile; fileRef = 144FD9EC1FECEA0000B71967 /* UCateListViewController.swift */; };
		144FD9EF1FECEBB800B71967 /* UBookViewController.swift in Sources */ = {isa = PBXBuildFile; fileRef = 144FD9EE1FECEBB800B71967 /* UBookViewController.swift */; };
		144FD9F11FECF03200B71967 /* UMineViewController.swift in Sources */ = {isa = PBXBuildFile; fileRef = 144FD9F01FECF03200B71967 /* UMineViewController.swift */; };
		144FD9F31FED0E7E00B71967 /* UBoutiqueListViewController.swift in Sources */ = {isa = PBXBuildFile; fileRef = 144FD9F21FED0E7E00B71967 /* UBoutiqueListViewController.swift */; };
		144FD9F51FED0E9F00B71967 /* UVIPListViewController.swift in Sources */ = {isa = PBXBuildFile; fileRef = 144FD9F41FED0E9F00B71967 /* UVIPListViewController.swift */; };
		144FD9F71FED0EB500B71967 /* USubscibeListViewController.swift in Sources */ = {isa = PBXBuildFile; fileRef = 144FD9F61FED0EB500B71967 /* USubscibeListViewController.swift */; };
		144FD9F91FED0ECA00B71967 /* URankListViewController.swift in Sources */ = {isa = PBXBuildFile; fileRef = 144FD9F81FED0ECA00B71967 /* URankListViewController.swift */; };
		145439A41FC80E0500D821D0 /* VideoCutter.swift in Sources */ = {isa = PBXBuildFile; fileRef = 145439A31FC80E0500D821D0 /* VideoCutter.swift */; };
		145439A61FC80F5200D821D0 /* VideoSplashViewController.swift in Sources */ = {isa = PBXBuildFile; fileRef = 145439A51FC80F5200D821D0 /* VideoSplashViewController.swift */; };
		1456228B1FBEC414005B9FE2 /* AppDelegate.swift in Sources */ = {isa = PBXBuildFile; fileRef = 1456228A1FBEC414005B9FE2 /* AppDelegate.swift */; };
		145622921FBEC414005B9FE2 /* Assets.xcassets in Resources */ = {isa = PBXBuildFile; fileRef = 145622911FBEC414005B9FE2 /* Assets.xcassets */; };
		145622951FBEC414005B9FE2 /* LaunchScreen.storyboard in Resources */ = {isa = PBXBuildFile; fileRef = 145622931FBEC414005B9FE2 /* LaunchScreen.storyboard */; };
		145622A01FBEC414005B9FE2 /* ZCTodayNewsTests.swift in Sources */ = {isa = PBXBuildFile; fileRef = 1456229F1FBEC414005B9FE2 /* ZCTodayNewsTests.swift */; };
		145622AB1FBEC414005B9FE2 /* ZCTodayNewsUITests.swift in Sources */ = {isa = PBXBuildFile; fileRef = 145622AA1FBEC414005B9FE2 /* ZCTodayNewsUITests.swift */; };
		14D228B61FF097EC00C963C6 /* UCollectionViewSectionBackgroundLayout.swift in Sources */ = {isa = PBXBuildFile; fileRef = 14D228B51FF097EC00C963C6 /* UCollectionViewSectionBackgroundLayout.swift */; };
		14D228B81FF0F36500C963C6 /* UBaseCollectionViewCell.swift in Sources */ = {isa = PBXBuildFile; fileRef = 14D228B71FF0F36500C963C6 /* UBaseCollectionViewCell.swift */; };
		14D228BA1FF0F8B900C963C6 /* UComicCCell.swift in Sources */ = {isa = PBXBuildFile; fileRef = 14D228B91FF0F8B900C963C6 /* UComicCCell.swift */; };
		14D6BDAB1FEE05E9000FFE52 /* UModel.swift in Sources */ = {isa = PBXBuildFile; fileRef = 14D6BDAA1FEE05E9000FFE52 /* UModel.swift */; };
		14D6BDAE1FEE07F8000FFE52 /* USerachViewController.swift in Sources */ = {isa = PBXBuildFile; fileRef = 14D6BDAD1FEE07F8000FFE52 /* USerachViewController.swift */; };
		14D6BDB01FEE0A04000FFE52 /* UIBarButtonItem.swift in Sources */ = {isa = PBXBuildFile; fileRef = 14D6BDAF1FEE0A04000FFE52 /* UIBarButtonItem.swift */; };
		14D6BDB31FEE5D22000FFE52 /* UCollectionViewAlignedLayout.swift in Sources */ = {isa = PBXBuildFile; fileRef = 14D6BDB21FEE5D22000FFE52 /* UCollectionViewAlignedLayout.swift */; };
		14F140841FEB9B410000DD0D /* ZCAPI.swift in Sources */ = {isa = PBXBuildFile; fileRef = 14F140831FEB9B410000DD0D /* ZCAPI.swift */; };
		14F140861FEB9D250000DD0D /* Global.swift in Sources */ = {isa = PBXBuildFile; fileRef = 14F140851FEB9D250000DD0D /* Global.swift */; };
		14F1408A1FEBADFE0000DD0D /* UIBarButtonItemFixSpace.swift in Sources */ = {isa = PBXBuildFile; fileRef = 14F140891FEBADFE0000DD0D /* UIBarButtonItemFixSpace.swift */; };
		14F1408D1FEBBCB00000DD0D /* DispatchQueueExtension.swift in Sources */ = {isa = PBXBuildFile; fileRef = 14F1408C1FEBBCB00000DD0D /* DispatchQueueExtension.swift */; };
		14F1408F1FEBC9DA0000DD0D /* UIDeviceExtension.swift in Sources */ = {isa = PBXBuildFile; fileRef = 14F1408E1FEBC9DA0000DD0D /* UIDeviceExtension.swift */; };
		14F140921FEBCC060000DD0D /* UNoticeBar.swift in Sources */ = {isa = PBXBuildFile; fileRef = 14F140911FEBCC060000DD0D /* UNoticeBar.swift */; };
		FFE0B7374713F9650DF81C69 /* Pods_ZCTodayNews.framework in Frameworks */ = {isa = PBXBuildFile; fileRef = B96039DA314EECE00E470724 /* Pods_ZCTodayNews.framework */; };
/* End PBXBuildFile section */

/* Begin PBXContainerItemProxy section */
		1456229C1FBEC414005B9FE2 /* PBXContainerItemProxy */ = {
			isa = PBXContainerItemProxy;
			containerPortal = 1456227F1FBEC414005B9FE2 /* Project object */;
			proxyType = 1;
			remoteGlobalIDString = 145622861FBEC414005B9FE2;
			remoteInfo = ZCTodayNews;
		};
		145622A71FBEC414005B9FE2 /* PBXContainerItemProxy */ = {
			isa = PBXContainerItemProxy;
			containerPortal = 1456227F1FBEC414005B9FE2 /* Project object */;
			proxyType = 1;
			remoteGlobalIDString = 145622861FBEC414005B9FE2;
			remoteInfo = ZCTodayNews;
		};
/* End PBXContainerItemProxy section */

/* Begin PBXFileReference section */
		07B651C5F4888C81BCCA5B4F /* Pods-ZCTodayNews.release.xcconfig */ = {isa = PBXFileReference; includeInIndex = 1; lastKnownFileType = text.xcconfig; name = "Pods-ZCTodayNews.release.xcconfig"; path = "Pods/Target Support Files/Pods-ZCTodayNews/Pods-ZCTodayNews.release.xcconfig"; sourceTree = "<group>"; };
		144FD9D71FEC9E5100B71967 /* UBaseViewController.swift */ = {isa = PBXFileReference; lastKnownFileType = sourcecode.swift; path = UBaseViewController.swift; sourceTree = "<group>"; };
		144FD9D91FECA26A00B71967 /* UNavigationController.swift */ = {isa = PBXFileReference; lastKnownFileType = sourcecode.swift; path = UNavigationController.swift; sourceTree = "<group>"; };
		144FD9DB1FECAFAB00B71967 /* UIColorExtensions.swift */ = {isa = PBXFileReference; lastKnownFileType = sourcecode.swift; path = UIColorExtensions.swift; sourceTree = "<group>"; };
		144FD9DD1FECDA4E00B71967 /* UTabBarController.swift */ = {isa = PBXFileReference; lastKnownFileType = sourcecode.swift; path = UTabBarController.swift; sourceTree = "<group>"; };
		144FD9DF1FECDBCC00B71967 /* UPageViewController.swift */ = {isa = PBXFileReference; lastKnownFileType = sourcecode.swift; path = UPageViewController.swift; sourceTree = "<group>"; };
		144FD9E41FECDDA200B71967 /* UHomeViewController.swift */ = {isa = PBXFileReference; lastKnownFileType = sourcecode.swift; path = UHomeViewController.swift; sourceTree = "<group>"; };
		144FD9EC1FECEA0000B71967 /* UCateListViewController.swift */ = {isa = PBXFileReference; lastKnownFileType = sourcecode.swift; path = UCateListViewController.swift; sourceTree = "<group>"; };
		144FD9EE1FECEBB800B71967 /* UBookViewController.swift */ = {isa = PBXFileReference; lastKnownFileType = sourcecode.swift; path = UBookViewController.swift; sourceTree = "<group>"; };
		144FD9F01FECF03200B71967 /* UMineViewController.swift */ = {isa = PBXFileReference; lastKnownFileType = sourcecode.swift; name = UMineViewController.swift; path = ZCTodayNews/Procedure/Book/UMineViewController.swift; sourceTree = SOURCE_ROOT; };
		144FD9F21FED0E7E00B71967 /* UBoutiqueListViewController.swift */ = {isa = PBXFileReference; lastKnownFileType = sourcecode.swift; path = UBoutiqueListViewController.swift; sourceTree = "<group>"; };
		144FD9F41FED0E9F00B71967 /* UVIPListViewController.swift */ = {isa = PBXFileReference; lastKnownFileType = sourcecode.swift; path = UVIPListViewController.swift; sourceTree = "<group>"; };
		144FD9F61FED0EB500B71967 /* USubscibeListViewController.swift */ = {isa = PBXFileReference; lastKnownFileType = sourcecode.swift; path = USubscibeListViewController.swift; sourceTree = "<group>"; };
		144FD9F81FED0ECA00B71967 /* URankListViewController.swift */ = {isa = PBXFileReference; lastKnownFileType = sourcecode.swift; path = URankListViewController.swift; sourceTree = "<group>"; };
		145439A21FC8057D00D821D0 /* moments.mp4 */ = {isa = PBXFileReference; lastKnownFileType = file; path = moments.mp4; sourceTree = "<group>"; };
		145439A31FC80E0500D821D0 /* VideoCutter.swift */ = {isa = PBXFileReference; lastKnownFileType = sourcecode.swift; path = VideoCutter.swift; sourceTree = "<group>"; };
		145439A51FC80F5200D821D0 /* VideoSplashViewController.swift */ = {isa = PBXFileReference; lastKnownFileType = sourcecode.swift; path = VideoSplashViewController.swift; sourceTree = "<group>"; };
		145622871FBEC414005B9FE2 /* ZCTodayNews.app */ = {isa = PBXFileReference; explicitFileType = wrapper.application; includeInIndex = 0; path = ZCTodayNews.app; sourceTree = BUILT_PRODUCTS_DIR; };
		1456228A1FBEC414005B9FE2 /* AppDelegate.swift */ = {isa = PBXFileReference; lastKnownFileType = sourcecode.swift; path = AppDelegate.swift; sourceTree = "<group>"; };
		145622911FBEC414005B9FE2 /* Assets.xcassets */ = {isa = PBXFileReference; lastKnownFileType = folder.assetcatalog; path = Assets.xcassets; sourceTree = "<group>"; };
		145622941FBEC414005B9FE2 /* Base */ = {isa = PBXFileReference; lastKnownFileType = file.storyboard; name = Base; path = Base.lproj/LaunchScreen.storyboard; sourceTree = "<group>"; };
		145622961FBEC414005B9FE2 /* Info.plist */ = {isa = PBXFileReference; lastKnownFileType = text.plist.xml; path = Info.plist; sourceTree = "<group>"; };
		1456229B1FBEC414005B9FE2 /* ZCTodayNewsTests.xctest */ = {isa = PBXFileReference; explicitFileType = wrapper.cfbundle; includeInIndex = 0; path = ZCTodayNewsTests.xctest; sourceTree = BUILT_PRODUCTS_DIR; };
		1456229F1FBEC414005B9FE2 /* ZCTodayNewsTests.swift */ = {isa = PBXFileReference; lastKnownFileType = sourcecode.swift; path = ZCTodayNewsTests.swift; sourceTree = "<group>"; };
		145622A11FBEC414005B9FE2 /* Info.plist */ = {isa = PBXFileReference; lastKnownFileType = text.plist.xml; path = Info.plist; sourceTree = "<group>"; };
		145622A61FBEC414005B9FE2 /* ZCTodayNewsUITests.xctest */ = {isa = PBXFileReference; explicitFileType = wrapper.cfbundle; includeInIndex = 0; path = ZCTodayNewsUITests.xctest; sourceTree = BUILT_PRODUCTS_DIR; };
		145622AA1FBEC414005B9FE2 /* ZCTodayNewsUITests.swift */ = {isa = PBXFileReference; lastKnownFileType = sourcecode.swift; path = ZCTodayNewsUITests.swift; sourceTree = "<group>"; };
		145622AC1FBEC414005B9FE2 /* Info.plist */ = {isa = PBXFileReference; lastKnownFileType = text.plist.xml; path = Info.plist; sourceTree = "<group>"; };
		14D228B51FF097EC00C963C6 /* UCollectionViewSectionBackgroundLayout.swift */ = {isa = PBXFileReference; fileEncoding = 4; lastKnownFileType = sourcecode.swift; path = UCollectionViewSectionBackgroundLayout.swift; sourceTree = "<group>"; };
		14D228B71FF0F36500C963C6 /* UBaseCollectionViewCell.swift */ = {isa = PBXFileReference; lastKnownFileType = sourcecode.swift; path = UBaseCollectionViewCell.swift; sourceTree = "<group>"; };
		14D228B91FF0F8B900C963C6 /* UComicCCell.swift */ = {isa = PBXFileReference; lastKnownFileType = sourcecode.swift; path = UComicCCell.swift; sourceTree = "<group>"; };
		14D6BDAA1FEE05E9000FFE52 /* UModel.swift */ = {isa = PBXFileReference; lastKnownFileType = sourcecode.swift; path = UModel.swift; sourceTree = "<group>"; };
		14D6BDAD1FEE07F8000FFE52 /* USerachViewController.swift */ = {isa = PBXFileReference; lastKnownFileType = sourcecode.swift; path = USerachViewController.swift; sourceTree = "<group>"; };
		14D6BDAF1FEE0A04000FFE52 /* UIBarButtonItem.swift */ = {isa = PBXFileReference; lastKnownFileType = sourcecode.swift; path = UIBarButtonItem.swift; sourceTree = "<group>"; };
		14D6BDB21FEE5D22000FFE52 /* UCollectionViewAlignedLayout.swift */ = {isa = PBXFileReference; lastKnownFileType = sourcecode.swift; path = UCollectionViewAlignedLayout.swift; sourceTree = "<group>"; };
		14F140831FEB9B410000DD0D /* ZCAPI.swift */ = {isa = PBXFileReference; lastKnownFileType = sourcecode.swift; path = ZCAPI.swift; sourceTree = "<group>"; };
		14F140851FEB9D250000DD0D /* Global.swift */ = {isa = PBXFileReference; lastKnownFileType = sourcecode.swift; path = Global.swift; sourceTree = "<group>"; };
		14F140891FEBADFE0000DD0D /* UIBarButtonItemFixSpace.swift */ = {isa = PBXFileReference; lastKnownFileType = sourcecode.swift; path = UIBarButtonItemFixSpace.swift; sourceTree = "<group>"; };
		14F1408C1FEBBCB00000DD0D /* DispatchQueueExtension.swift */ = {isa = PBXFileReference; lastKnownFileType = sourcecode.swift; path = DispatchQueueExtension.swift; sourceTree = "<group>"; };
		14F1408E1FEBC9DA0000DD0D /* UIDeviceExtension.swift */ = {isa = PBXFileReference; lastKnownFileType = sourcecode.swift; path = UIDeviceExtension.swift; sourceTree = "<group>"; };
		14F140911FEBCC060000DD0D /* UNoticeBar.swift */ = {isa = PBXFileReference; fileEncoding = 4; lastKnownFileType = sourcecode.swift; path = UNoticeBar.swift; sourceTree = "<group>"; };
		9BBFF420704D5FD9E4138245 /* Pods-ZCTodayNews.debug.xcconfig */ = {isa = PBXFileReference; includeInIndex = 1; lastKnownFileType = text.xcconfig; name = "Pods-ZCTodayNews.debug.xcconfig"; path = "Pods/Target Support Files/Pods-ZCTodayNews/Pods-ZCTodayNews.debug.xcconfig"; sourceTree = "<group>"; };
		B96039DA314EECE00E470724 /* Pods_ZCTodayNews.framework */ = {isa = PBXFileReference; explicitFileType = wrapper.framework; includeInIndex = 0; path = Pods_ZCTodayNews.framework; sourceTree = BUILT_PRODUCTS_DIR; };
/* End PBXFileReference section */

/* Begin PBXFrameworksBuildPhase section */
		145622841FBEC414005B9FE2 /* Frameworks */ = {
			isa = PBXFrameworksBuildPhase;
			buildActionMask = 2147483647;
			files = (
				FFE0B7374713F9650DF81C69 /* Pods_ZCTodayNews.framework in Frameworks */,
			);
			runOnlyForDeploymentPostprocessing = 0;
		};
		145622981FBEC414005B9FE2 /* Frameworks */ = {
			isa = PBXFrameworksBuildPhase;
			buildActionMask = 2147483647;
			files = (
			);
			runOnlyForDeploymentPostprocessing = 0;
		};
		145622A31FBEC414005B9FE2 /* Frameworks */ = {
			isa = PBXFrameworksBuildPhase;
			buildActionMask = 2147483647;
			files = (
			);
			runOnlyForDeploymentPostprocessing = 0;
		};
/* End PBXFrameworksBuildPhase section */

/* Begin PBXGroup section */
		144FD9D31FEC9D4C00B71967 /* Procedure */ = {
			isa = PBXGroup;
			children = (
				144FD9EA1FECE72200B71967 /* Search */,
				144FD9E91FECE70900B71967 /* Mine */,
				144FD9E81FECE6F500B71967 /* Comic */,
				144FD9E71FECE6E700B71967 /* Book */,
				144FD9E61FECE64300B71967 /* Cate */,
				144FD9E11FECDCE500B71967 /* Home */,
				144FD9D41FEC9D8800B71967 /* Base */,
				14F140851FEB9D250000DD0D /* Global.swift */,
				1456228A1FBEC414005B9FE2 /* AppDelegate.swift */,
			);
			path = Procedure;
			sourceTree = "<group>";
		};
		144FD9D41FEC9D8800B71967 /* Base */ = {
			isa = PBXGroup;
			children = (
				144FD9D61FEC9DA700B71967 /* ViewController */,
				144FD9D51FEC9D9D00B71967 /* View */,
			);
			path = Base;
			sourceTree = "<group>";
		};
		144FD9D51FEC9D9D00B71967 /* View */ = {
			isa = PBXGroup;
			children = (
				14D228B71FF0F36500C963C6 /* UBaseCollectionViewCell.swift */,
			);
			path = View;
			sourceTree = "<group>";
		};
		144FD9D61FEC9DA700B71967 /* ViewController */ = {
			isa = PBXGroup;
			children = (
				144FD9D71FEC9E5100B71967 /* UBaseViewController.swift */,
				144FD9D91FECA26A00B71967 /* UNavigationController.swift */,
				144FD9DD1FECDA4E00B71967 /* UTabBarController.swift */,
				144FD9DF1FECDBCC00B71967 /* UPageViewController.swift */,
			);
			path = ViewController;
			sourceTree = "<group>";
		};
		144FD9E11FECDCE500B71967 /* Home */ = {
			isa = PBXGroup;
			children = (
				144FD9E31FECDD2300B71967 /* ViewController */,
				144FD9E21FECDD1100B71967 /* View */,
			);
			path = Home;
			sourceTree = "<group>";
		};
		144FD9E21FECDD1100B71967 /* View */ = {
			isa = PBXGroup;
			children = (
				14D228B91FF0F8B900C963C6 /* UComicCCell.swift */,
			);
			path = View;
			sourceTree = "<group>";
		};
		144FD9E31FECDD2300B71967 /* ViewController */ = {
			isa = PBXGroup;
			children = (
				144FD9E41FECDDA200B71967 /* UHomeViewController.swift */,
				144FD9F21FED0E7E00B71967 /* UBoutiqueListViewController.swift */,
				144FD9F41FED0E9F00B71967 /* UVIPListViewController.swift */,
				144FD9F61FED0EB500B71967 /* USubscibeListViewController.swift */,
				144FD9F81FED0ECA00B71967 /* URankListViewController.swift */,
			);
			path = ViewController;
			sourceTree = "<group>";
		};
		144FD9E61FECE64300B71967 /* Cate */ = {
			isa = PBXGroup;
			children = (
				144FD9EB1FECE9AB00B71967 /* VC */,
			);
			path = Cate;
			sourceTree = "<group>";
		};
		144FD9E71FECE6E700B71967 /* Book */ = {
			isa = PBXGroup;
			children = (
				144FD9EE1FECEBB800B71967 /* UBookViewController.swift */,
			);
			path = Book;
			sourceTree = "<group>";
		};
		144FD9E81FECE6F500B71967 /* Comic */ = {
			isa = PBXGroup;
			children = (
			);
			path = Comic;
			sourceTree = "<group>";
		};
		144FD9E91FECE70900B71967 /* Mine */ = {
			isa = PBXGroup;
			children = (
				144FD9F01FECF03200B71967 /* UMineViewController.swift */,
			);
			name = Mine;
			path = "New Group";
			sourceTree = "<group>";
		};
		144FD9EA1FECE72200B71967 /* Search */ = {
			isa = PBXGroup;
			children = (
				14D6BDAC1FEE07C3000FFE52 /* VC */,
			);
			path = Search;
			sourceTree = "<group>";
		};
		144FD9EB1FECE9AB00B71967 /* VC */ = {
			isa = PBXGroup;
			children = (
				144FD9EC1FECEA0000B71967 /* UCateListViewController.swift */,
			);
			path = VC;
			sourceTree = "<group>";
		};
		145439A11FC8056D00D821D0 /* Files */ = {
			isa = PBXGroup;
			children = (
				145439A21FC8057D00D821D0 /* moments.mp4 */,
				145439A31FC80E0500D821D0 /* VideoCutter.swift */,
				145439A51FC80F5200D821D0 /* VideoSplashViewController.swift */,
			);
			path = Files;
			sourceTree = "<group>";
		};
		1456227E1FBEC414005B9FE2 = {
			isa = PBXGroup;
			children = (
				145439A11FC8056D00D821D0 /* Files */,
				145622891FBEC414005B9FE2 /* ZCTodayNews */,
				1456229E1FBEC414005B9FE2 /* ZCTodayNewsTests */,
				145622A91FBEC414005B9FE2 /* ZCTodayNewsUITests */,
				145622881FBEC414005B9FE2 /* Products */,
				94B7FBDE406CE11BAC82E4D6 /* Pods */,
				8F163A9720C9227F7F5DDBB2 /* Frameworks */,
			);
			sourceTree = "<group>";
		};
		145622881FBEC414005B9FE2 /* Products */ = {
			isa = PBXGroup;
			children = (
				145622871FBEC414005B9FE2 /* ZCTodayNews.app */,
				1456229B1FBEC414005B9FE2 /* ZCTodayNewsTests.xctest */,
				145622A61FBEC414005B9FE2 /* ZCTodayNewsUITests.xctest */,
			);
			name = Products;
			sourceTree = "<group>";
		};
		145622891FBEC414005B9FE2 /* ZCTodayNews */ = {
			isa = PBXGroup;
			children = (
				14D6BDA91FEE05B7000FFE52 /* Model */,
				14F1408B1FEBBC890000DD0D /* Extension */,
				14F140871FEBAD8B0000DD0D /* Component */,
				14F140821FEB9AD70000DD0D /* API */,
				144FD9D31FEC9D4C00B71967 /* Procedure */,
				145622911FBEC414005B9FE2 /* Assets.xcassets */,
				145622931FBEC414005B9FE2 /* LaunchScreen.storyboard */,
				145622961FBEC414005B9FE2 /* Info.plist */,
			);
			path = ZCTodayNews;
			sourceTree = "<group>";
		};
		1456229E1FBEC414005B9FE2 /* ZCTodayNewsTests */ = {
			isa = PBXGroup;
			children = (
				1456229F1FBEC414005B9FE2 /* ZCTodayNewsTests.swift */,
				145622A11FBEC414005B9FE2 /* Info.plist */,
			);
			path = ZCTodayNewsTests;
			sourceTree = "<group>";
		};
		145622A91FBEC414005B9FE2 /* ZCTodayNewsUITests */ = {
			isa = PBXGroup;
			children = (
				145622AA1FBEC414005B9FE2 /* ZCTodayNewsUITests.swift */,
				145622AC1FBEC414005B9FE2 /* Info.plist */,
			);
			path = ZCTodayNewsUITests;
			sourceTree = "<group>";
		};
		14D6BDA91FEE05B7000FFE52 /* Model */ = {
			isa = PBXGroup;
			children = (
				14D6BDAA1FEE05E9000FFE52 /* UModel.swift */,
			);
			path = Model;
			sourceTree = "<group>";
		};
		14D6BDAC1FEE07C3000FFE52 /* VC */ = {
			isa = PBXGroup;
			children = (
				14D6BDAD1FEE07F8000FFE52 /* USerachViewController.swift */,
			);
			path = VC;
			sourceTree = "<group>";
		};
		14D6BDB11FEE5C93000FFE52 /* CollectionViewLayout */ = {
			isa = PBXGroup;
			children = (
				14D6BDB21FEE5D22000FFE52 /* UCollectionViewAlignedLayout.swift */,
				14D228B51FF097EC00C963C6 /* UCollectionViewSectionBackgroundLayout.swift */,
			);
			path = CollectionViewLayout;
			sourceTree = "<group>";
		};
		14F140821FEB9AD70000DD0D /* API */ = {
			isa = PBXGroup;
			children = (
				14F140831FEB9B410000DD0D /* ZCAPI.swift */,
			);
			path = API;
			sourceTree = "<group>";
		};
		14F140871FEBAD8B0000DD0D /* Component */ = {
			isa = PBXGroup;
			children = (
				14D6BDB11FEE5C93000FFE52 /* CollectionViewLayout */,
				14F140901FEBCC060000DD0D /* NoticeBar */,
				14F140881FEBADCC0000DD0D /* BarButtonItem */,
			);
			path = Component;
			sourceTree = "<group>";
		};
		14F140881FEBADCC0000DD0D /* BarButtonItem */ = {
			isa = PBXGroup;
			children = (
				14F140891FEBADFE0000DD0D /* UIBarButtonItemFixSpace.swift */,
			);
			path = BarButtonItem;
			sourceTree = "<group>";
		};
		14F1408B1FEBBC890000DD0D /* Extension */ = {
			isa = PBXGroup;
			children = (
				14F1408C1FEBBCB00000DD0D /* DispatchQueueExtension.swift */,
				14F1408E1FEBC9DA0000DD0D /* UIDeviceExtension.swift */,
				144FD9DB1FECAFAB00B71967 /* UIColorExtensions.swift */,
				14D6BDAF1FEE0A04000FFE52 /* UIBarButtonItem.swift */,
			);
			path = Extension;
			sourceTree = "<group>";
		};
		14F140901FEBCC060000DD0D /* NoticeBar */ = {
			isa = PBXGroup;
			children = (
				14F140911FEBCC060000DD0D /* UNoticeBar.swift */,
			);
			path = NoticeBar;
			sourceTree = "<group>";
		};
		8F163A9720C9227F7F5DDBB2 /* Frameworks */ = {
			isa = PBXGroup;
			children = (
				B96039DA314EECE00E470724 /* Pods_ZCTodayNews.framework */,
			);
			name = Frameworks;
			sourceTree = "<group>";
		};
		94B7FBDE406CE11BAC82E4D6 /* Pods */ = {
			isa = PBXGroup;
			children = (
				9BBFF420704D5FD9E4138245 /* Pods-ZCTodayNews.debug.xcconfig */,
				07B651C5F4888C81BCCA5B4F /* Pods-ZCTodayNews.release.xcconfig */,
			);
			name = Pods;
			sourceTree = "<group>";
		};
/* End PBXGroup section */

/* Begin PBXNativeTarget section */
		145622861FBEC414005B9FE2 /* ZCTodayNews */ = {
			isa = PBXNativeTarget;
			buildConfigurationList = 145622AF1FBEC414005B9FE2 /* Build configuration list for PBXNativeTarget "ZCTodayNews" */;
			buildPhases = (
				0F689672E442B6430B61567A /* [CP] Check Pods Manifest.lock */,
				145622831FBEC414005B9FE2 /* Sources */,
				145622841FBEC414005B9FE2 /* Frameworks */,
				145622851FBEC414005B9FE2 /* Resources */,
				15CB07A6C352A58752881365 /* [CP] Embed Pods Frameworks */,
				7A6FD9BCC738D26105A779D6 /* [CP] Copy Pods Resources */,
			);
			buildRules = (
			);
			dependencies = (
			);
			name = ZCTodayNews;
			productName = ZCTodayNews;
			productReference = 145622871FBEC414005B9FE2 /* ZCTodayNews.app */;
			productType = "com.apple.product-type.application";
		};
		1456229A1FBEC414005B9FE2 /* ZCTodayNewsTests */ = {
			isa = PBXNativeTarget;
			buildConfigurationList = 145622B21FBEC414005B9FE2 /* Build configuration list for PBXNativeTarget "ZCTodayNewsTests" */;
			buildPhases = (
				145622971FBEC414005B9FE2 /* Sources */,
				145622981FBEC414005B9FE2 /* Frameworks */,
				145622991FBEC414005B9FE2 /* Resources */,
			);
			buildRules = (
			);
			dependencies = (
				1456229D1FBEC414005B9FE2 /* PBXTargetDependency */,
			);
			name = ZCTodayNewsTests;
			productName = ZCTodayNewsTests;
			productReference = 1456229B1FBEC414005B9FE2 /* ZCTodayNewsTests.xctest */;
			productType = "com.apple.product-type.bundle.unit-test";
		};
		145622A51FBEC414005B9FE2 /* ZCTodayNewsUITests */ = {
			isa = PBXNativeTarget;
			buildConfigurationList = 145622B51FBEC414005B9FE2 /* Build configuration list for PBXNativeTarget "ZCTodayNewsUITests" */;
			buildPhases = (
				145622A21FBEC414005B9FE2 /* Sources */,
				145622A31FBEC414005B9FE2 /* Frameworks */,
				145622A41FBEC414005B9FE2 /* Resources */,
			);
			buildRules = (
			);
			dependencies = (
				145622A81FBEC414005B9FE2 /* PBXTargetDependency */,
			);
			name = ZCTodayNewsUITests;
			productName = ZCTodayNewsUITests;
			productReference = 145622A61FBEC414005B9FE2 /* ZCTodayNewsUITests.xctest */;
			productType = "com.apple.product-type.bundle.ui-testing";
		};
/* End PBXNativeTarget section */

/* Begin PBXProject section */
		1456227F1FBEC414005B9FE2 /* Project object */ = {
			isa = PBXProject;
			attributes = {
				LastSwiftUpdateCheck = 0910;
				LastUpgradeCheck = 0910;
				ORGANIZATIONNAME = ZZC;
				TargetAttributes = {
					145622861FBEC414005B9FE2 = {
						CreatedOnToolsVersion = 9.1;
						ProvisioningStyle = Automatic;
					};
					1456229A1FBEC414005B9FE2 = {
						CreatedOnToolsVersion = 9.1;
						ProvisioningStyle = Automatic;
						TestTargetID = 145622861FBEC414005B9FE2;
					};
					145622A51FBEC414005B9FE2 = {
						CreatedOnToolsVersion = 9.1;
						ProvisioningStyle = Automatic;
						TestTargetID = 145622861FBEC414005B9FE2;
					};
				};
			};
			buildConfigurationList = 145622821FBEC414005B9FE2 /* Build configuration list for PBXProject "ZCTodayNews" */;
			compatibilityVersion = "Xcode 8.0";
			developmentRegion = en;
			hasScannedForEncodings = 0;
			knownRegions = (
				en,
				Base,
			);
			mainGroup = 1456227E1FBEC414005B9FE2;
			productRefGroup = 145622881FBEC414005B9FE2 /* Products */;
			projectDirPath = "";
			projectRoot = "";
			targets = (
				145622861FBEC414005B9FE2 /* ZCTodayNews */,
				1456229A1FBEC414005B9FE2 /* ZCTodayNewsTests */,
				145622A51FBEC414005B9FE2 /* ZCTodayNewsUITests */,
			);
		};
/* End PBXProject section */

/* Begin PBXResourcesBuildPhase section */
		145622851FBEC414005B9FE2 /* Resources */ = {
			isa = PBXResourcesBuildPhase;
			buildActionMask = 2147483647;
			files = (
				145622951FBEC414005B9FE2 /* LaunchScreen.storyboard in Resources */,
				145622921FBEC414005B9FE2 /* Assets.xcassets in Resources */,
			);
			runOnlyForDeploymentPostprocessing = 0;
		};
		145622991FBEC414005B9FE2 /* Resources */ = {
			isa = PBXResourcesBuildPhase;
			buildActionMask = 2147483647;
			files = (
			);
			runOnlyForDeploymentPostprocessing = 0;
		};
		145622A41FBEC414005B9FE2 /* Resources */ = {
			isa = PBXResourcesBuildPhase;
			buildActionMask = 2147483647;
			files = (
			);
			runOnlyForDeploymentPostprocessing = 0;
		};
/* End PBXResourcesBuildPhase section */

/* Begin PBXShellScriptBuildPhase section */
		0F689672E442B6430B61567A /* [CP] Check Pods Manifest.lock */ = {
			isa = PBXShellScriptBuildPhase;
			buildActionMask = 2147483647;
			files = (
			);
			inputPaths = (
				"${PODS_PODFILE_DIR_PATH}/Podfile.lock",
				"${PODS_ROOT}/Manifest.lock",
			);
			name = "[CP] Check Pods Manifest.lock";
			outputPaths = (
				"$(DERIVED_FILE_DIR)/Pods-ZCTodayNews-checkManifestLockResult.txt",
			);
			runOnlyForDeploymentPostprocessing = 0;
			shellPath = /bin/sh;
			shellScript = "diff \"${PODS_PODFILE_DIR_PATH}/Podfile.lock\" \"${PODS_ROOT}/Manifest.lock\" > /dev/null\nif [ $? != 0 ] ; then\n    # print error to STDERR\n    echo \"error: The sandbox is not in sync with the Podfile.lock. Run 'pod install' or update your CocoaPods installation.\" >&2\n    exit 1\nfi\n# This output is used by Xcode 'outputs' to avoid re-running this script phase.\necho \"SUCCESS\" > \"${SCRIPT_OUTPUT_FILE_0}\"\n";
			showEnvVarsInLog = 0;
		};
		15CB07A6C352A58752881365 /* [CP] Embed Pods Frameworks */ = {
			isa = PBXShellScriptBuildPhase;
			buildActionMask = 2147483647;
			files = (
			);
			inputPaths = (
				"${SRCROOT}/Pods/Target Support Files/Pods-ZCTodayNews/Pods-ZCTodayNews-frameworks.sh",
				"${BUILT_PRODUCTS_DIR}/Alamofire/Alamofire.framework",
				"${BUILT_PRODUCTS_DIR}/EmptyDataSet-Swift/EmptyDataSet_Swift.framework",
				"${BUILT_PRODUCTS_DIR}/HMSegmentedControl/HMSegmentedControl.framework",
				"${BUILT_PRODUCTS_DIR}/HandyJSON/HandyJSON.framework",
				"${BUILT_PRODUCTS_DIR}/IQKeyboardManagerSwift/IQKeyboardManagerSwift.framework",
				"${BUILT_PRODUCTS_DIR}/Kingfisher/Kingfisher.framework",
				"${BUILT_PRODUCTS_DIR}/LLCycleScrollView/LLCycleScrollView.framework",
				"${BUILT_PRODUCTS_DIR}/MBProgressHUD/MBProgressHUD.framework",
				"${BUILT_PRODUCTS_DIR}/MJRefresh/MJRefresh.framework",
				"${BUILT_PRODUCTS_DIR}/Moya/Moya.framework",
				"${BUILT_PRODUCTS_DIR}/Result/Result.framework",
				"${BUILT_PRODUCTS_DIR}/Reusable/Reusable.framework",
				"${BUILT_PRODUCTS_DIR}/SnapKit/SnapKit.framework",
				"${BUILT_PRODUCTS_DIR}/Then/Then.framework",
			);
			name = "[CP] Embed Pods Frameworks";
			outputPaths = (
				"${TARGET_BUILD_DIR}/${FRAMEWORKS_FOLDER_PATH}/Alamofire.framework",
				"${TARGET_BUILD_DIR}/${FRAMEWORKS_FOLDER_PATH}/EmptyDataSet_Swift.framework",
				"${TARGET_BUILD_DIR}/${FRAMEWORKS_FOLDER_PATH}/HMSegmentedControl.framework",
				"${TARGET_BUILD_DIR}/${FRAMEWORKS_FOLDER_PATH}/HandyJSON.framework",
				"${TARGET_BUILD_DIR}/${FRAMEWORKS_FOLDER_PATH}/IQKeyboardManagerSwift.framework",
				"${TARGET_BUILD_DIR}/${FRAMEWORKS_FOLDER_PATH}/Kingfisher.framework",
				"${TARGET_BUILD_DIR}/${FRAMEWORKS_FOLDER_PATH}/LLCycleScrollView.framework",
				"${TARGET_BUILD_DIR}/${FRAMEWORKS_FOLDER_PATH}/MBProgressHUD.framework",
				"${TARGET_BUILD_DIR}/${FRAMEWORKS_FOLDER_PATH}/MJRefresh.framework",
				"${TARGET_BUILD_DIR}/${FRAMEWORKS_FOLDER_PATH}/Moya.framework",
				"${TARGET_BUILD_DIR}/${FRAMEWORKS_FOLDER_PATH}/Result.framework",
				"${TARGET_BUILD_DIR}/${FRAMEWORKS_FOLDER_PATH}/Reusable.framework",
				"${TARGET_BUILD_DIR}/${FRAMEWORKS_FOLDER_PATH}/SnapKit.framework",
				"${TARGET_BUILD_DIR}/${FRAMEWORKS_FOLDER_PATH}/Then.framework",
			);
			runOnlyForDeploymentPostprocessing = 0;
			shellPath = /bin/sh;
			shellScript = "\"${SRCROOT}/Pods/Target Support Files/Pods-ZCTodayNews/Pods-ZCTodayNews-frameworks.sh\"\n";
			showEnvVarsInLog = 0;
		};
		7A6FD9BCC738D26105A779D6 /* [CP] Copy Pods Resources */ = {
			isa = PBXShellScriptBuildPhase;
			buildActionMask = 2147483647;
			files = (
			);
			inputPaths = (
			);
			name = "[CP] Copy Pods Resources";
			outputPaths = (
			);
			runOnlyForDeploymentPostprocessing = 0;
			shellPath = /bin/sh;
			shellScript = "\"${SRCROOT}/Pods/Target Support Files/Pods-ZCTodayNews/Pods-ZCTodayNews-resources.sh\"\n";
			showEnvVarsInLog = 0;
		};
/* End PBXShellScriptBuildPhase section */

/* Begin PBXSourcesBuildPhase section */
		145622831FBEC414005B9FE2 /* Sources */ = {
			isa = PBXSourcesBuildPhase;
			buildActionMask = 2147483647;
			files = (
				144FD9E51FECDDA200B71967 /* UHomeViewController.swift in Sources */,
				14D6BDB01FEE0A04000FFE52 /* UIBarButtonItem.swift in Sources */,
				144FD9DA1FECA26A00B71967 /* UNavigationController.swift in Sources */,
				145439A41FC80E0500D821D0 /* VideoCutter.swift in Sources */,
				144FD9F71FED0EB500B71967 /* USubscibeListViewController.swift in Sources */,
				1456228B1FBEC414005B9FE2 /* AppDelegate.swift in Sources */,
				144FD9DC1FECAFAB00B71967 /* UIColorExtensions.swift in Sources */,
				144FD9ED1FECEA0000B71967 /* UCateListViewController.swift in Sources */,
				144FD9DE1FECDA4E00B71967 /* UTabBarController.swift in Sources */,
				14D6BDAE1FEE07F8000FFE52 /* USerachViewController.swift in Sources */,
				144FD9F91FED0ECA00B71967 /* URankListViewController.swift in Sources */,
				145439A61FC80F5200D821D0 /* VideoSplashViewController.swift in Sources */,
				14D228B61FF097EC00C963C6 /* UCollectionViewSectionBackgroundLayout.swift in Sources */,
				14D228BA1FF0F8B900C963C6 /* UComicCCell.swift in Sources */,
				14F140861FEB9D250000DD0D /* Global.swift in Sources */,
				14F140841FEB9B410000DD0D /* ZCAPI.swift in Sources */,
				144FD9F51FED0E9F00B71967 /* UVIPListViewController.swift in Sources */,
				144FD9D81FEC9E5100B71967 /* UBaseViewController.swift in Sources */,
				144FD9EF1FECEBB800B71967 /* UBookViewController.swift in Sources */,
				144FD9E01FECDBCC00B71967 /* UPageViewController.swift in Sources */,
				144FD9F31FED0E7E00B71967 /* UBoutiqueListViewController.swift in Sources */,
				14F140921FEBCC060000DD0D /* UNoticeBar.swift in Sources */,
				14F1408F1FEBC9DA0000DD0D /* UIDeviceExtension.swift in Sources */,
				14D6BDB31FEE5D22000FFE52 /* UCollectionViewAlignedLayout.swift in Sources */,
				14F1408D1FEBBCB00000DD0D /* DispatchQueueExtension.swift in Sources */,
				14F1408A1FEBADFE0000DD0D /* UIBarButtonItemFixSpace.swift in Sources */,
				14D6BDAB1FEE05E9000FFE52 /* UModel.swift in Sources */,
				144FD9F11FECF03200B71967 /* UMineViewController.swift in Sources */,
				14D228B81FF0F36500C963C6 /* UBaseCollectionViewCell.swift in Sources */,
			);
			runOnlyForDeploymentPostprocessing = 0;
		};
		145622971FBEC414005B9FE2 /* Sources */ = {
			isa = PBXSourcesBuildPhase;
			buildActionMask = 2147483647;
			files = (
				145622A01FBEC414005B9FE2 /* ZCTodayNewsTests.swift in Sources */,
			);
			runOnlyForDeploymentPostprocessing = 0;
		};
		145622A21FBEC414005B9FE2 /* Sources */ = {
			isa = PBXSourcesBuildPhase;
			buildActionMask = 2147483647;
			files = (
				145622AB1FBEC414005B9FE2 /* ZCTodayNewsUITests.swift in Sources */,
			);
			runOnlyForDeploymentPostprocessing = 0;
		};
/* End PBXSourcesBuildPhase section */

/* Begin PBXTargetDependency section */
		1456229D1FBEC414005B9FE2 /* PBXTargetDependency */ = {
			isa = PBXTargetDependency;
			target = 145622861FBEC414005B9FE2 /* ZCTodayNews */;
			targetProxy = 1456229C1FBEC414005B9FE2 /* PBXContainerItemProxy */;
		};
		145622A81FBEC414005B9FE2 /* PBXTargetDependency */ = {
			isa = PBXTargetDependency;
			target = 145622861FBEC414005B9FE2 /* ZCTodayNews */;
			targetProxy = 145622A71FBEC414005B9FE2 /* PBXContainerItemProxy */;
		};
/* End PBXTargetDependency section */

/* Begin PBXVariantGroup section */
		145622931FBEC414005B9FE2 /* LaunchScreen.storyboard */ = {
			isa = PBXVariantGroup;
			children = (
				145622941FBEC414005B9FE2 /* Base */,
			);
			name = LaunchScreen.storyboard;
			sourceTree = "<group>";
		};
/* End PBXVariantGroup section */

/* Begin XCBuildConfiguration section */
		145622AD1FBEC414005B9FE2 /* Debug */ = {
			isa = XCBuildConfiguration;
			buildSettings = {
				ALWAYS_SEARCH_USER_PATHS = NO;
				CLANG_ANALYZER_NONNULL = YES;
				CLANG_ANALYZER_NUMBER_OBJECT_CONVERSION = YES_AGGRESSIVE;
				CLANG_CXX_LANGUAGE_STANDARD = "gnu++14";
				CLANG_CXX_LIBRARY = "libc++";
				CLANG_ENABLE_MODULES = YES;
				CLANG_ENABLE_OBJC_ARC = YES;
				CLANG_WARN_BLOCK_CAPTURE_AUTORELEASING = YES;
				CLANG_WARN_BOOL_CONVERSION = YES;
				CLANG_WARN_COMMA = YES;
				CLANG_WARN_CONSTANT_CONVERSION = YES;
				CLANG_WARN_DIRECT_OBJC_ISA_USAGE = YES_ERROR;
				CLANG_WARN_DOCUMENTATION_COMMENTS = YES;
				CLANG_WARN_EMPTY_BODY = YES;
				CLANG_WARN_ENUM_CONVERSION = YES;
				CLANG_WARN_INFINITE_RECURSION = YES;
				CLANG_WARN_INT_CONVERSION = YES;
				CLANG_WARN_NON_LITERAL_NULL_CONVERSION = YES;
				CLANG_WARN_OBJC_LITERAL_CONVERSION = YES;
				CLANG_WARN_OBJC_ROOT_CLASS = YES_ERROR;
				CLANG_WARN_RANGE_LOOP_ANALYSIS = YES;
				CLANG_WARN_STRICT_PROTOTYPES = YES;
				CLANG_WARN_SUSPICIOUS_MOVE = YES;
				CLANG_WARN_UNGUARDED_AVAILABILITY = YES_AGGRESSIVE;
				CLANG_WARN_UNREACHABLE_CODE = YES;
				CLANG_WARN__DUPLICATE_METHOD_MATCH = YES;
				CODE_SIGN_IDENTITY = "iPhone Developer";
				COPY_PHASE_STRIP = NO;
				DEBUG_INFORMATION_FORMAT = dwarf;
				ENABLE_STRICT_OBJC_MSGSEND = YES;
				ENABLE_TESTABILITY = YES;
				GCC_C_LANGUAGE_STANDARD = gnu11;
				GCC_DYNAMIC_NO_PIC = NO;
				GCC_NO_COMMON_BLOCKS = YES;
				GCC_OPTIMIZATION_LEVEL = 0;
				GCC_PREPROCESSOR_DEFINITIONS = (
					"DEBUG=1",
					"$(inherited)",
				);
				GCC_WARN_64_TO_32_BIT_CONVERSION = YES;
				GCC_WARN_ABOUT_RETURN_TYPE = YES_ERROR;
				GCC_WARN_UNDECLARED_SELECTOR = YES;
				GCC_WARN_UNINITIALIZED_AUTOS = YES_AGGRESSIVE;
				GCC_WARN_UNUSED_FUNCTION = YES;
				GCC_WARN_UNUSED_VARIABLE = YES;
				IPHONEOS_DEPLOYMENT_TARGET = 11.1;
				MTL_ENABLE_DEBUG_INFO = YES;
				ONLY_ACTIVE_ARCH = YES;
				SDKROOT = iphoneos;
				SWIFT_ACTIVE_COMPILATION_CONDITIONS = DEBUG;
				SWIFT_OPTIMIZATION_LEVEL = "-Onone";
			};
			name = Debug;
		};
		145622AE1FBEC414005B9FE2 /* Release */ = {
			isa = XCBuildConfiguration;
			buildSettings = {
				ALWAYS_SEARCH_USER_PATHS = NO;
				CLANG_ANALYZER_NONNULL = YES;
				CLANG_ANALYZER_NUMBER_OBJECT_CONVERSION = YES_AGGRESSIVE;
				CLANG_CXX_LANGUAGE_STANDARD = "gnu++14";
				CLANG_CXX_LIBRARY = "libc++";
				CLANG_ENABLE_MODULES = YES;
				CLANG_ENABLE_OBJC_ARC = YES;
				CLANG_WARN_BLOCK_CAPTURE_AUTORELEASING = YES;
				CLANG_WARN_BOOL_CONVERSION = YES;
				CLANG_WARN_COMMA = YES;
				CLANG_WARN_CONSTANT_CONVERSION = YES;
				CLANG_WARN_DIRECT_OBJC_ISA_USAGE = YES_ERROR;
				CLANG_WARN_DOCUMENTATION_COMMENTS = YES;
				CLANG_WARN_EMPTY_BODY = YES;
				CLANG_WARN_ENUM_CONVERSION = YES;
				CLANG_WARN_INFINITE_RECURSION = YES;
				CLANG_WARN_INT_CONVERSION = YES;
				CLANG_WARN_NON_LITERAL_NULL_CONVERSION = YES;
				CLANG_WARN_OBJC_LITERAL_CONVERSION = YES;
				CLANG_WARN_OBJC_ROOT_CLASS = YES_ERROR;
				CLANG_WARN_RANGE_LOOP_ANALYSIS = YES;
				CLANG_WARN_STRICT_PROTOTYPES = YES;
				CLANG_WARN_SUSPICIOUS_MOVE = YES;
				CLANG_WARN_UNGUARDED_AVAILABILITY = YES_AGGRESSIVE;
				CLANG_WARN_UNREACHABLE_CODE = YES;
				CLANG_WARN__DUPLICATE_METHOD_MATCH = YES;
				CODE_SIGN_IDENTITY = "iPhone Developer";
				COPY_PHASE_STRIP = NO;
				DEBUG_INFORMATION_FORMAT = "dwarf-with-dsym";
				ENABLE_NS_ASSERTIONS = NO;
				ENABLE_STRICT_OBJC_MSGSEND = YES;
				GCC_C_LANGUAGE_STANDARD = gnu11;
				GCC_NO_COMMON_BLOCKS = YES;
				GCC_WARN_64_TO_32_BIT_CONVERSION = YES;
				GCC_WARN_ABOUT_RETURN_TYPE = YES_ERROR;
				GCC_WARN_UNDECLARED_SELECTOR = YES;
				GCC_WARN_UNINITIALIZED_AUTOS = YES_AGGRESSIVE;
				GCC_WARN_UNUSED_FUNCTION = YES;
				GCC_WARN_UNUSED_VARIABLE = YES;
				IPHONEOS_DEPLOYMENT_TARGET = 11.1;
				MTL_ENABLE_DEBUG_INFO = NO;
				SDKROOT = iphoneos;
				SWIFT_OPTIMIZATION_LEVEL = "-Owholemodule";
				VALIDATE_PRODUCT = YES;
			};
			name = Release;
		};
		145622B01FBEC414005B9FE2 /* Debug */ = {
			isa = XCBuildConfiguration;
			baseConfigurationReference = 9BBFF420704D5FD9E4138245 /* Pods-ZCTodayNews.debug.xcconfig */;
			buildSettings = {
				ASSETCATALOG_COMPILER_APPICON_NAME = AppIcon;
				CODE_SIGN_STYLE = Automatic;
				DEVELOPMENT_TEAM = TNQN9VNPWD;
				INFOPLIST_FILE = ZCTodayNews/Info.plist;
				LD_RUNPATH_SEARCH_PATHS = "$(inherited) @executable_path/Frameworks";
				PRODUCT_BUNDLE_IDENTIFIER = www.zzcfortodaynews.com.ZCTodayNews;
				PRODUCT_NAME = "$(TARGET_NAME)";
				SWIFT_VERSION = 4.0;
				TARGETED_DEVICE_FAMILY = "1,2";
			};
			name = Debug;
		};
		145622B11FBEC414005B9FE2 /* Release */ = {
			isa = XCBuildConfiguration;
			baseConfigurationReference = 07B651C5F4888C81BCCA5B4F /* Pods-ZCTodayNews.release.xcconfig */;
			buildSettings = {
				ASSETCATALOG_COMPILER_APPICON_NAME = AppIcon;
				CODE_SIGN_STYLE = Automatic;
				DEVELOPMENT_TEAM = TNQN9VNPWD;
				INFOPLIST_FILE = ZCTodayNews/Info.plist;
				LD_RUNPATH_SEARCH_PATHS = "$(inherited) @executable_path/Frameworks";
				PRODUCT_BUNDLE_IDENTIFIER = www.zzcfortodaynews.com.ZCTodayNews;
				PRODUCT_NAME = "$(TARGET_NAME)";
				SWIFT_VERSION = 4.0;
				TARGETED_DEVICE_FAMILY = "1,2";
			};
			name = Release;
		};
		145622B31FBEC414005B9FE2 /* Debug */ = {
			isa = XCBuildConfiguration;
			buildSettings = {
				ALWAYS_EMBED_SWIFT_STANDARD_LIBRARIES = YES;
				BUNDLE_LOADER = "$(TEST_HOST)";
				CODE_SIGN_STYLE = Automatic;
				DEVELOPMENT_TEAM = TNQN9VNPWD;
				INFOPLIST_FILE = ZCTodayNewsTests/Info.plist;
				LD_RUNPATH_SEARCH_PATHS = "$(inherited) @executable_path/Frameworks @loader_path/Frameworks";
				PRODUCT_BUNDLE_IDENTIFIER = www.zzcfortodaynews.com.ZCTodayNewsTests;
				PRODUCT_NAME = "$(TARGET_NAME)";
				SWIFT_VERSION = 4.0;
				TARGETED_DEVICE_FAMILY = "1,2";
				TEST_HOST = "$(BUILT_PRODUCTS_DIR)/ZCTodayNews.app/ZCTodayNews";
			};
			name = Debug;
		};
		145622B41FBEC414005B9FE2 /* Release */ = {
			isa = XCBuildConfiguration;
			buildSettings = {
				ALWAYS_EMBED_SWIFT_STANDARD_LIBRARIES = YES;
				BUNDLE_LOADER = "$(TEST_HOST)";
				CODE_SIGN_STYLE = Automatic;
				DEVELOPMENT_TEAM = TNQN9VNPWD;
				INFOPLIST_FILE = ZCTodayNewsTests/Info.plist;
				LD_RUNPATH_SEARCH_PATHS = "$(inherited) @executable_path/Frameworks @loader_path/Frameworks";
				PRODUCT_BUNDLE_IDENTIFIER = www.zzcfortodaynews.com.ZCTodayNewsTests;
				PRODUCT_NAME = "$(TARGET_NAME)";
				SWIFT_VERSION = 4.0;
				TARGETED_DEVICE_FAMILY = "1,2";
				TEST_HOST = "$(BUILT_PRODUCTS_DIR)/ZCTodayNews.app/ZCTodayNews";
			};
			name = Release;
		};
		145622B61FBEC414005B9FE2 /* Debug */ = {
			isa = XCBuildConfiguration;
			buildSettings = {
				ALWAYS_EMBED_SWIFT_STANDARD_LIBRARIES = YES;
				CODE_SIGN_STYLE = Automatic;
				DEVELOPMENT_TEAM = TNQN9VNPWD;
				INFOPLIST_FILE = ZCTodayNewsUITests/Info.plist;
				LD_RUNPATH_SEARCH_PATHS = "$(inherited) @executable_path/Frameworks @loader_path/Frameworks";
				PRODUCT_BUNDLE_IDENTIFIER = www.zzcfortodaynews.com.ZCTodayNewsUITests;
				PRODUCT_NAME = "$(TARGET_NAME)";
				SWIFT_VERSION = 4.0;
				TARGETED_DEVICE_FAMILY = "1,2";
				TEST_TARGET_NAME = ZCTodayNews;
			};
			name = Debug;
		};
		145622B71FBEC414005B9FE2 /* Release */ = {
			isa = XCBuildConfiguration;
			buildSettings = {
				ALWAYS_EMBED_SWIFT_STANDARD_LIBRARIES = YES;
				CODE_SIGN_STYLE = Automatic;
				DEVELOPMENT_TEAM = TNQN9VNPWD;
				INFOPLIST_FILE = ZCTodayNewsUITests/Info.plist;
				LD_RUNPATH_SEARCH_PATHS = "$(inherited) @executable_path/Frameworks @loader_path/Frameworks";
				PRODUCT_BUNDLE_IDENTIFIER = www.zzcfortodaynews.com.ZCTodayNewsUITests;
				PRODUCT_NAME = "$(TARGET_NAME)";
				SWIFT_VERSION = 4.0;
				TARGETED_DEVICE_FAMILY = "1,2";
				TEST_TARGET_NAME = ZCTodayNews;
			};
			name = Release;
		};
/* End XCBuildConfiguration section */

/* Begin XCConfigurationList section */
		145622821FBEC414005B9FE2 /* Build configuration list for PBXProject "ZCTodayNews" */ = {
			isa = XCConfigurationList;
			buildConfigurations = (
				145622AD1FBEC414005B9FE2 /* Debug */,
				145622AE1FBEC414005B9FE2 /* Release */,
			);
			defaultConfigurationIsVisible = 0;
			defaultConfigurationName = Release;
		};
		145622AF1FBEC414005B9FE2 /* Build configuration list for PBXNativeTarget "ZCTodayNews" */ = {
			isa = XCConfigurationList;
			buildConfigurations = (
				145622B01FBEC414005B9FE2 /* Debug */,
				145622B11FBEC414005B9FE2 /* Release */,
			);
			defaultConfigurationIsVisible = 0;
			defaultConfigurationName = Release;
		};
		145622B21FBEC414005B9FE2 /* Build configuration list for PBXNativeTarget "ZCTodayNewsTests" */ = {
			isa = XCConfigurationList;
			buildConfigurations = (
				145622B31FBEC414005B9FE2 /* Debug */,
				145622B41FBEC414005B9FE2 /* Release */,
			);
			defaultConfigurationIsVisible = 0;
			defaultConfigurationName = Release;
		};
		145622B51FBEC414005B9FE2 /* Build configuration list for PBXNativeTarget "ZCTodayNewsUITests" */ = {
			isa = XCConfigurationList;
			buildConfigurations = (
				145622B61FBEC414005B9FE2 /* Debug */,
				145622B71FBEC414005B9FE2 /* Release */,
			);
			defaultConfigurationIsVisible = 0;
			defaultConfigurationName = Release;
		};
/* End XCConfigurationList section */
	};
	rootObject = 1456227F1FBEC414005B9FE2 /* Project object */;
}
